
Microsoft Visual Studio Solution File, Format Version 12.00
# Visual Studio Version 17
VisualStudioVersion = 17.14.36310.24 d17.14
MinimumVisualStudioVersion = 10.0.40219.1
Project("{FAE04EC0-301F-11D3-BF4B-00C04F79EFBC}") = "pizzériaGUI0317", "pizzériaGUI0317.csproj", "{ECA50B5D-4CCD-4019-B3C1-F998D7427DBE}"
EndProject
Global
	GlobalSection(SolutionConfigurationPlatforms) = preSolution
		Debug|Any CPU = Debug|Any CPU
		Release|Any CPU = Release|Any CPU
	EndGlobalSection
	GlobalSection(ProjectConfigurationPlatforms) = postSolution
		{ECA50B5D-4CCD-4019-B3C1-F998D7427DBE}.Debug|Any CPU.ActiveCfg = Debug|Any CPU
		{ECA50B5D-4CCD-4019-B3C1-F998D7427DBE}.Debug|Any CPU.Build.0 = Debug|Any CPU
		{ECA50B5D-4CCD-4019-B3C1-F998D7427DBE}.Release|Any CPU.ActiveCfg = Release|Any CPU
		{ECA50B5D-4CCD-4019-B3C1-F998D7427DBE}.Release|Any CPU.Build.0 = Release|Any CPU
	EndGlobalSection
	GlobalSection(SolutionProperties) = preSolution
		HideSolutionNode = FALSE
	EndGlobalSection
	GlobalSection(ExtensibilityGlobals) = postSolution
		SolutionGuid = {8F3D2FFE-AF85-4292-981E-F96E5F21137F}
	EndGlobalSection
EndGlobal
